PODS:
  - SDWebImage/Core (5.8.1)
  - SDWebImage/MapKit (5.8.1):
    - SDWebImage/Core

DEPENDENCIES:
  - SDWebImage/MapKit

SPEC REPOS:
  trunk:
    - SDWebImage

SPEC CHECKSUMS:
  SDWebImage: e3eae2eda88578db0685a0c88597fdadd9433f05

PODFILE CHECKSUM: 7157d4429b383287a7012e282f7d71e77eff36c0

COCOAPODS: 1.9.3
